
Microsoft Visual Studio Solution File, Format Version 12.00
# Visual Studio Version 17
VisualStudioVersion = 17.5.002.0
MinimumVisualStudioVersion = 10.0.40219.1
Project("{2150E333-8FDC-42A3-9474-1A3956D46DE8}") = "Labfiles", "Labfiles", "{968DB806-1B6F-4D39-A036-86ACDD5C41A4}"
EndProject
Project("{2150E333-8FDC-42A3-9474-1A3956D46DE8}") = "01-analyze-images", "01-analyze-images", "{677B5662-172C-4CCD-9CD6-52BEE790AC57}"
EndProject
Project("{2150E333-8FDC-42A3-9474-1A3956D46DE8}") = "C-Sharp", "C-Sharp", "{B2520EDD-DB5A-4D7D-ADF0-647C63C936DA}"
EndProject
Project("{9A19103F-16F7-4668-BE54-9A1E7A4F7556}") = "image-analysis", "Labfiles\01-analyze-images\C-Sharp\image-analysis\image-analysis.csproj", "{3D1D1E26-3778-430D-9B76-EDCA99CB4CD8}"
EndProject
Project("{2150E333-8FDC-42A3-9474-1A3956D46DE8}") = "03-object-detection", "03-object-detection", "{70B6E68B-BB49-4921-B6E4-C5A02E254FDB}"
EndProject
Project("{2150E333-8FDC-42A3-9474-1A3956D46DE8}") = "C-Sharp", "C-Sharp", "{482F874D-231C-4172-B519-015AA62D9DD1}"
EndProject
Project("{9A19103F-16F7-4668-BE54-9A1E7A4F7556}") = "test-detector", "Labfiles\03-object-detection\C-Sharp\test-detector\test-detector.csproj", "{92223E5D-E745-415C-8828-87C79ADC10F5}"
EndProject
Project("{9A19103F-16F7-4668-BE54-9A1E7A4F7556}") = "train-detector", "Labfiles\03-object-detection\C-Sharp\train-detector\train-detector.csproj", "{B07EBDC1-D3AA-436B-AAC9-0DB036CA5B22}"
EndProject
Project("{2150E333-8FDC-42A3-9474-1A3956D46DE8}") = "04-face", "04-face", "{3A149C41-D808-4820-A16F-680219622B45}"
EndProject
Project("{2150E333-8FDC-42A3-9474-1A3956D46DE8}") = "C-Sharp", "C-Sharp", "{F50102EA-5190-4446-A1B3-A48D17344149}"
EndProject
Project("{9A19103F-16F7-4668-BE54-9A1E7A4F7556}") = "detect-people", "Labfiles\04-face\C-Sharp\computer-vision\detect-people.csproj", "{C39E9724-CC6A-49E7-BAFF-03BDBB605CF7}"
EndProject
Project("{9A19103F-16F7-4668-BE54-9A1E7A4F7556}") = "analyze-faces", "Labfiles\04-face\C-Sharp\face-api\analyze-faces.csproj", "{A893505C-0729-4128-AAFD-81CDFC916EB2}"
EndProject
Project("{2150E333-8FDC-42A3-9474-1A3956D46DE8}") = "05-ocr", "05-ocr", "{87C8EF34-F97A-4763-A580-B7BB980E8F9A}"
EndProject
Project("{2150E333-8FDC-42A3-9474-1A3956D46DE8}") = "C-Sharp", "C-Sharp", "{12134217-478A-49F8-89D2-806A151390A5}"
EndProject
Project("{9A19103F-16F7-4668-BE54-9A1E7A4F7556}") = "read-text", "Labfiles\05-ocr\C-Sharp\read-text\read-text.csproj", "{D1F7FEF3-2CAB-4B5A-84F3-7D26FBF5DD29}"
EndProject
Project("{2150E333-8FDC-42A3-9474-1A3956D46DE8}") = "07-custom-vision-image-classification", "07-custom-vision-image-classification", "{4A209115-9916-43EF-971C-376D3D6289EC}"
EndProject
Project("{2150E333-8FDC-42A3-9474-1A3956D46DE8}") = "C-Sharp", "C-Sharp", "{A20D1688-5E2D-428E-9B27-A4805CF5D91B}"
EndProject
Project("{9A19103F-16F7-4668-BE54-9A1E7A4F7556}") = "test-classifier", "Labfiles\07-custom-vision-image-classification\C-Sharp\test-classifier\test-classifier.csproj", "{3E1265D1-1782-41A9-8DD2-E1B7F7A3C7A6}"
EndProject
Project("{9A19103F-16F7-4668-BE54-9A1E7A4F7556}") = "train-classifier", "Labfiles\07-custom-vision-image-classification\C-Sharp\train-classifier\train-classifier.csproj", "{F036E62E-4B52-42DF-9058-426E6FF0C26E}"
EndProject
Global
	GlobalSection(SolutionConfigurationPlatforms) = preSolution
		Debug|Any CPU = Debug|Any CPU
		Release|Any CPU = Release|Any CPU
	EndGlobalSection
	GlobalSection(ProjectConfigurationPlatforms) = postSolution
		{3D1D1E26-3778-430D-9B76-EDCA99CB4CD8}.Debug|Any CPU.ActiveCfg = Debug|Any CPU
		{3D1D1E26-3778-430D-9B76-EDCA99CB4CD8}.Debug|Any CPU.Build.0 = Debug|Any CPU
		{3D1D1E26-3778-430D-9B76-EDCA99CB4CD8}.Release|Any CPU.ActiveCfg = Release|Any CPU
		{3D1D1E26-3778-430D-9B76-EDCA99CB4CD8}.Release|Any CPU.Build.0 = Release|Any CPU
		{92223E5D-E745-415C-8828-87C79ADC10F5}.Debug|Any CPU.ActiveCfg = Debug|Any CPU
		{92223E5D-E745-415C-8828-87C79ADC10F5}.Debug|Any CPU.Build.0 = Debug|Any CPU
		{92223E5D-E745-415C-8828-87C79ADC10F5}.Release|Any CPU.ActiveCfg = Release|Any CPU
		{92223E5D-E745-415C-8828-87C79ADC10F5}.Release|Any CPU.Build.0 = Release|Any CPU
		{B07EBDC1-D3AA-436B-AAC9-0DB036CA5B22}.Debug|Any CPU.ActiveCfg = Debug|Any CPU
		{B07EBDC1-D3AA-436B-AAC9-0DB036CA5B22}.Debug|Any CPU.Build.0 = Debug|Any CPU
		{B07EBDC1-D3AA-436B-AAC9-0DB036CA5B22}.Release|Any CPU.ActiveCfg = Release|Any CPU
		{B07EBDC1-D3AA-436B-AAC9-0DB036CA5B22}.Release|Any CPU.Build.0 = Release|Any CPU
		{C39E9724-CC6A-49E7-BAFF-03BDBB605CF7}.Debug|Any CPU.ActiveCfg = Debug|Any CPU
		{C39E9724-CC6A-49E7-BAFF-03BDBB605CF7}.Debug|Any CPU.Build.0 = Debug|Any CPU
		{C39E9724-CC6A-49E7-BAFF-03BDBB605CF7}.Release|Any CPU.ActiveCfg = Release|Any CPU
		{C39E9724-CC6A-49E7-BAFF-03BDBB605CF7}.Release|Any CPU.Build.0 = Release|Any CPU
		{A893505C-0729-4128-AAFD-81CDFC916EB2}.Debug|Any CPU.ActiveCfg = Debug|Any CPU
		{A893505C-0729-4128-AAFD-81CDFC916EB2}.Debug|Any CPU.Build.0 = Debug|Any CPU
		{A893505C-0729-4128-AAFD-81CDFC916EB2}.Release|Any CPU.ActiveCfg = Release|Any CPU
		{A893505C-0729-4128-AAFD-81CDFC916EB2}.Release|Any CPU.Build.0 = Release|Any CPU
		{D1F7FEF3-2CAB-4B5A-84F3-7D26FBF5DD29}.Debug|Any CPU.ActiveCfg = Debug|Any CPU
		{D1F7FEF3-2CAB-4B5A-84F3-7D26FBF5DD29}.Debug|Any CPU.Build.0 = Debug|Any CPU
		{D1F7FEF3-2CAB-4B5A-84F3-7D26FBF5DD29}.Release|Any CPU.ActiveCfg = Release|Any CPU
		{D1F7FEF3-2CAB-4B5A-84F3-7D26FBF5DD29}.Release|Any CPU.Build.0 = Release|Any CPU
		{3E1265D1-1782-41A9-8DD2-E1B7F7A3C7A6}.Debug|Any CPU.ActiveCfg = Debug|Any CPU
		{3E1265D1-1782-41A9-8DD2-E1B7F7A3C7A6}.Debug|Any CPU.Build.0 = Debug|Any CPU
		{3E1265D1-1782-41A9-8DD2-E1B7F7A3C7A6}.Release|Any CPU.ActiveCfg = Release|Any CPU
		{3E1265D1-1782-41A9-8DD2-E1B7F7A3C7A6}.Release|Any CPU.Build.0 = Release|Any CPU
		{F036E62E-4B52-42DF-9058-426E6FF0C26E}.Debug|Any CPU.ActiveCfg = Debug|Any CPU
		{F036E62E-4B52-42DF-9058-426E6FF0C26E}.Debug|Any CPU.Build.0 = Debug|Any CPU
		{F036E62E-4B52-42DF-9058-426E6FF0C26E}.Release|Any CPU.ActiveCfg = Release|Any CPU
		{F036E62E-4B52-42DF-9058-426E6FF0C26E}.Release|Any CPU.Build.0 = Release|Any CPU
	EndGlobalSection
	GlobalSection(SolutionProperties) = preSolution
		HideSolutionNode = FALSE
	EndGlobalSection
	GlobalSection(NestedProjects) = preSolution
		{677B5662-172C-4CCD-9CD6-52BEE790AC57} = {968DB806-1B6F-4D39-A036-86ACDD5C41A4}
		{B2520EDD-DB5A-4D7D-ADF0-647C63C936DA} = {677B5662-172C-4CCD-9CD6-52BEE790AC57}
		{3D1D1E26-3778-430D-9B76-EDCA99CB4CD8} = {B2520EDD-DB5A-4D7D-ADF0-647C63C936DA}
		{70B6E68B-BB49-4921-B6E4-C5A02E254FDB} = {968DB806-1B6F-4D39-A036-86ACDD5C41A4}
		{482F874D-231C-4172-B519-015AA62D9DD1} = {70B6E68B-BB49-4921-B6E4-C5A02E254FDB}
		{92223E5D-E745-415C-8828-87C79ADC10F5} = {482F874D-231C-4172-B519-015AA62D9DD1}
		{B07EBDC1-D3AA-436B-AAC9-0DB036CA5B22} = {482F874D-231C-4172-B519-015AA62D9DD1}
		{3A149C41-D808-4820-A16F-680219622B45} = {968DB806-1B6F-4D39-A036-86ACDD5C41A4}
		{F50102EA-5190-4446-A1B3-A48D17344149} = {3A149C41-D808-4820-A16F-680219622B45}
		{C39E9724-CC6A-49E7-BAFF-03BDBB605CF7} = {F50102EA-5190-4446-A1B3-A48D17344149}
		{A893505C-0729-4128-AAFD-81CDFC916EB2} = {F50102EA-5190-4446-A1B3-A48D17344149}
		{87C8EF34-F97A-4763-A580-B7BB980E8F9A} = {968DB806-1B6F-4D39-A036-86ACDD5C41A4}
		{12134217-478A-49F8-89D2-806A151390A5} = {87C8EF34-F97A-4763-A580-B7BB980E8F9A}
		{D1F7FEF3-2CAB-4B5A-84F3-7D26FBF5DD29} = {12134217-478A-49F8-89D2-806A151390A5}
		{4A209115-9916-43EF-971C-376D3D6289EC} = {968DB806-1B6F-4D39-A036-86ACDD5C41A4}
		{A20D1688-5E2D-428E-9B27-A4805CF5D91B} = {4A209115-9916-43EF-971C-376D3D6289EC}
		{3E1265D1-1782-41A9-8DD2-E1B7F7A3C7A6} = {A20D1688-5E2D-428E-9B27-A4805CF5D91B}
		{F036E62E-4B52-42DF-9058-426E6FF0C26E} = {A20D1688-5E2D-428E-9B27-A4805CF5D91B}
	EndGlobalSection
	GlobalSection(ExtensibilityGlobals) = postSolution
		SolutionGuid = {DC36EAE1-C715-45E1-8CFF-56FB0E11D3A5}
	EndGlobalSection
EndGlobal
